github.com/dreamsxin/go-kit/v2 v2.3.0 h1:jlEW1L56XX7CFnddA2/tULraH1+OnGX/lGKWo78bA/o=
github.com/dreamsxin/go-kit/v2 v2.3.0/go.mod h1:kQsTCO89ZIlchqyCXCEuXIVTTBW3csPVoRFTnRLho2Y=
golang.org/x/time v0.15.0 h1:bbrp8t3bGUeFOx08pvsMYRTCVSMk89u4tKbNOZbp88U=
golang.org/x/time v0.15.0/go.mod h1:Y4YMaQmXwGQZoFaVFk4YpCt4FLQMYKZe9oeV/f4MSno=
