github.com/emicklei/proto v1.14.3 h1:zEhlzNkpP8kN6utonKMzlPfIvy82t5Kb9mufaJxSe1Q=
github.com/emicklei/proto v1.14.3/go.mod h1:rn1FgRS/FANiZdD2djyH7TMA9jdRDcYQ9IEN9yvjX0A=
github.com/mattn/go-sqlite3 v1.14.40 h1:f7+saIsbq4EF86mUqe0uiecQOJYMOdfi5uATADmUG94=
github.com/mattn/go-sqlite3 v1.14.40/go.mod h1:pjEuOr8IwzLJP2MfGeTb0A35jauH+C2kbHKBr7yXKVQ=
